
Microsoft Visual Studio Solution File, Format Version 12.00
# Visual Studio 15
VisualStudioVersion = 15.0.28010.2003
MinimumVisualStudioVersion = 10.0.40219.1
Project("{FAE04EC0-301F-11D3-BF4B-00C04F79EFBC}") = "Calculator", "Calculator\Calculator.csproj", "{7A182C65-5F9D-4A15-BF01-D98586787B7C}"
EndProject
Global
	GlobalSection(SolutionConfigurationPlatforms) = preSolution
		Debug|Any CPU = Debug|Any CPU
		Release|Any CPU = Release|Any CPU
	EndGlobalSection
	GlobalSection(ProjectConfigurationPlatforms) = postSolution
		{7A182C65-5F9D-4A15-BF01-D98586787B7C}.Debug|Any CPU.ActiveCfg = Debug|Any CPU
		{7A182C65-5F9D-4A15-BF01-D98586787B7C}.Debug|Any CPU.Build.0 = Debug|Any CPU
		{7A182C65-5F9D-4A15-BF01-D98586787B7C}.Release|Any CPU.ActiveCfg = Release|Any CPU
		{7A182C65-5F9D-4A15-BF01-D98586787B7C}.Release|Any CPU.Build.0 = Release|Any CPU
	EndGlobalSection
	GlobalSection(SolutionProperties) = preSolution
		HideSolutionNode = FALSE
	EndGlobalSection
	GlobalSection(ExtensibilityGlobals) = postSolution
		SolutionGuid = {BB769D9B-28DF-4658-B78E-971B2088706F}
	EndGlobalSection
EndGlobal
